
Microsoft Visual Studio Solution File, Format Version 12.00
# Visual Studio Version 17
VisualStudioVersion = 17.8.34330.188
MinimumVisualStudioVersion = 10.0.40219.1
Project("{FAE04EC0-301F-11D3-BF4B-00C04F79EFBC}") = "RuckIt", "RuckIt\RuckIt.csproj", "{C44FFF2D-2F3C-441E-8348-3557B2989EFB}"
EndProject
Global
	GlobalSection(SolutionConfigurationPlatforms) = preSolution
		Debug|Any CPU = Debug|Any CPU
		Release|Any CPU = Release|Any CPU
	EndGlobalSection
	GlobalSection(ProjectConfigurationPlatforms) = postSolution
		{C44FFF2D-2F3C-441E-8348-3557B2989EFB}.Debug|Any CPU.ActiveCfg = Debug|Any CPU
		{C44FFF2D-2F3C-441E-8348-3557B2989EFB}.Debug|Any CPU.Build.0 = Debug|Any CPU
		{C44FFF2D-2F3C-441E-8348-3557B2989EFB}.Debug|Any CPU.Deploy.0 = Debug|Any CPU
		{C44FFF2D-2F3C-441E-8348-3557B2989EFB}.Release|Any CPU.ActiveCfg = Release|Any CPU
		{C44FFF2D-2F3C-441E-8348-3557B2989EFB}.Release|Any CPU.Build.0 = Release|Any CPU
		{C44FFF2D-2F3C-441E-8348-3557B2989EFB}.Release|Any CPU.Deploy.0 = Release|Any CPU
	EndGlobalSection
	GlobalSection(SolutionProperties) = preSolution
		HideSolutionNode = FALSE
	EndGlobalSection
	GlobalSection(ExtensibilityGlobals) = postSolution
		SolutionGuid = {C8327166-451D-4F5F-AA5E-B751EA416523}
	EndGlobalSection
EndGlobal
